
Microsoft Visual Studio Solution File, Format Version 12.00
# Visual Studio Version 16
VisualStudioVersion = 16.0.29613.14
MinimumVisualStudioVersion = 10.0.40219.1
Project("{FAE04EC0-301F-11D3-BF4B-00C04F79EFBC}") = "WeatherGraph", "WeatherGraph\WeatherGraph.csproj", "{C2BC2F76-3259-4841-9898-9278A6AD3796}"
EndProject
Global
	GlobalSection(SolutionConfigurationPlatforms) = preSolution
		Debug|Any CPU = Debug|Any CPU
		Debug|x86 = Debug|x86
		Release|Any CPU = Release|Any CPU
		Release|x86 = Release|x86
	EndGlobalSection
	GlobalSection(ProjectConfigurationPlatforms) = postSolution
		{C2BC2F76-3259-4841-9898-9278A6AD3796}.Debug|Any CPU.ActiveCfg = Debug|Any CPU
		{C2BC2F76-3259-4841-9898-9278A6AD3796}.Debug|Any CPU.Build.0 = Debug|Any CPU
		{C2BC2F76-3259-4841-9898-9278A6AD3796}.Debug|x86.ActiveCfg = Debug|x86
		{C2BC2F76-3259-4841-9898-9278A6AD3796}.Debug|x86.Build.0 = Debug|x86
		{C2BC2F76-3259-4841-9898-9278A6AD3796}.Release|Any CPU.ActiveCfg = Release|Any CPU
		{C2BC2F76-3259-4841-9898-9278A6AD3796}.Release|Any CPU.Build.0 = Release|Any CPU
		{C2BC2F76-3259-4841-9898-9278A6AD3796}.Release|x86.ActiveCfg = Release|x86
		{C2BC2F76-3259-4841-9898-9278A6AD3796}.Release|x86.Build.0 = Release|x86
	EndGlobalSection
	GlobalSection(SolutionProperties) = preSolution
		HideSolutionNode = FALSE
	EndGlobalSection
	GlobalSection(ExtensibilityGlobals) = postSolution
		SolutionGuid = {CA51416B-AA40-4B56-B40E-F84FA9AADE88}
	EndGlobalSection
EndGlobal
